
Microsoft Visual Studio Solution File, Format Version 12.00
# Visual Studio Version 16
VisualStudioVersion = 16.0.29905.134
MinimumVisualStudioVersion = 10.0.40219.1
Project("{9A19103F-16F7-4668-BE54-9A1E7A4F7556}") = "Npgsql", "Npgsql.csproj", "{FA898527-D9FD-42FF-9D1E-59110F885977}"
EndProject
Project("{FAE04EC0-301F-11D3-BF4B-00C04F79EFBC}") = "SupressErrorsBug", "..\..\..\..\test\EpasIssues\SupressErrorsBug\SupressErrorsBug.csproj", "{82CDA5FF-8944-4042-8459-D873D03E828F}"
EndProject
Project("{9A19103F-16F7-4668-BE54-9A1E7A4F7556}") = "Npgsql.Tests", "..\..\..\..\DNET_MERGE\CON-DNET\test\Npgsql.Tests\Npgsql.Tests.csproj", "{BFDA91DE-E468-46FB-9DC4-31976D309807}"
EndProject
Global
	GlobalSection(SolutionConfigurationPlatforms) = preSolution
		Debug|Any CPU = Debug|Any CPU
		Release|Any CPU = Release|Any CPU
	EndGlobalSection
	GlobalSection(ProjectConfigurationPlatforms) = postSolution
		{FA898527-D9FD-42FF-9D1E-59110F885977}.Debug|Any CPU.ActiveCfg = Debug|Any CPU
		{FA898527-D9FD-42FF-9D1E-59110F885977}.Debug|Any CPU.Build.0 = Debug|Any CPU
		{FA898527-D9FD-42FF-9D1E-59110F885977}.Release|Any CPU.ActiveCfg = Release|Any CPU
		{FA898527-D9FD-42FF-9D1E-59110F885977}.Release|Any CPU.Build.0 = Release|Any CPU
		{82CDA5FF-8944-4042-8459-D873D03E828F}.Debug|Any CPU.ActiveCfg = Debug|Any CPU
		{82CDA5FF-8944-4042-8459-D873D03E828F}.Debug|Any CPU.Build.0 = Debug|Any CPU
		{82CDA5FF-8944-4042-8459-D873D03E828F}.Release|Any CPU.ActiveCfg = Release|Any CPU
		{82CDA5FF-8944-4042-8459-D873D03E828F}.Release|Any CPU.Build.0 = Release|Any CPU
		{BFDA91DE-E468-46FB-9DC4-31976D309807}.Debug|Any CPU.ActiveCfg = Debug|Any CPU
		{BFDA91DE-E468-46FB-9DC4-31976D309807}.Debug|Any CPU.Build.0 = Debug|Any CPU
		{BFDA91DE-E468-46FB-9DC4-31976D309807}.Release|Any CPU.ActiveCfg = Release|Any CPU
		{BFDA91DE-E468-46FB-9DC4-31976D309807}.Release|Any CPU.Build.0 = Release|Any CPU
	EndGlobalSection
	GlobalSection(SolutionProperties) = preSolution
		HideSolutionNode = FALSE
	EndGlobalSection
	GlobalSection(ExtensibilityGlobals) = postSolution
		SolutionGuid = {DA1FF400-D6FD-468E-9CFB-85CCF41BBE78}
	EndGlobalSection
EndGlobal
