
Microsoft Visual Studio Solution File, Format Version 12.00
# Visual Studio Version 16
VisualStudioVersion = 16.0.28822.285
MinimumVisualStudioVersion = 10.0.40219.1
Project("{2150E333-8FDC-42A3-9474-1A3956D46DE8}") = "src", "src", "{8537E50E-CF7F-49CB-B4EF-3E2A1B11F050}"
EndProject
Project("{9A19103F-16F7-4668-BE54-9A1E7A4F7556}") = "Npgsql", "src\Npgsql\Npgsql.csproj", "{9D13B739-62B1-4190-B386-7A9547304EB3}"
EndProject
Project("{FAE04EC0-301F-11D3-BF4B-00C04F79EFBC}") = "SupressErrorsBug", "..\..\test\EpasIssues\SupressErrorsBug\SupressErrorsBug.csproj", "{82CDA5FF-8944-4042-8459-D873D03E828F}"
EndProject
Global
	GlobalSection(SolutionConfigurationPlatforms) = preSolution
		Debug|Any CPU = Debug|Any CPU
		Debug|x86 = Debug|x86
		Release|Any CPU = Release|Any CPU
		Release|x86 = Release|x86
	EndGlobalSection
	GlobalSection(ProjectConfigurationPlatforms) = postSolution
		{9D13B739-62B1-4190-B386-7A9547304EB3}.Debug|Any CPU.ActiveCfg = Debug|Any CPU
		{9D13B739-62B1-4190-B386-7A9547304EB3}.Debug|Any CPU.Build.0 = Debug|Any CPU
		{9D13B739-62B1-4190-B386-7A9547304EB3}.Debug|x86.ActiveCfg = Debug|Any CPU
		{9D13B739-62B1-4190-B386-7A9547304EB3}.Debug|x86.Build.0 = Debug|Any CPU
		{9D13B739-62B1-4190-B386-7A9547304EB3}.Release|Any CPU.ActiveCfg = Release|Any CPU
		{9D13B739-62B1-4190-B386-7A9547304EB3}.Release|Any CPU.Build.0 = Release|Any CPU
		{9D13B739-62B1-4190-B386-7A9547304EB3}.Release|x86.ActiveCfg = Release|Any CPU
		{9D13B739-62B1-4190-B386-7A9547304EB3}.Release|x86.Build.0 = Release|Any CPU
		{82CDA5FF-8944-4042-8459-D873D03E828F}.Debug|Any CPU.ActiveCfg = Debug|Any CPU
		{82CDA5FF-8944-4042-8459-D873D03E828F}.Debug|Any CPU.Build.0 = Debug|Any CPU
		{82CDA5FF-8944-4042-8459-D873D03E828F}.Debug|x86.ActiveCfg = Debug|Any CPU
		{82CDA5FF-8944-4042-8459-D873D03E828F}.Debug|x86.Build.0 = Debug|Any CPU
		{82CDA5FF-8944-4042-8459-D873D03E828F}.Release|Any CPU.ActiveCfg = Release|Any CPU
		{82CDA5FF-8944-4042-8459-D873D03E828F}.Release|Any CPU.Build.0 = Release|Any CPU
		{82CDA5FF-8944-4042-8459-D873D03E828F}.Release|x86.ActiveCfg = Release|Any CPU
		{82CDA5FF-8944-4042-8459-D873D03E828F}.Release|x86.Build.0 = Release|Any CPU
	EndGlobalSection
	GlobalSection(SolutionProperties) = preSolution
		HideSolutionNode = FALSE
	EndGlobalSection
	GlobalSection(NestedProjects) = preSolution
		{9D13B739-62B1-4190-B386-7A9547304EB3} = {8537E50E-CF7F-49CB-B4EF-3E2A1B11F050}
	EndGlobalSection
	GlobalSection(ExtensibilityGlobals) = postSolution
		SolutionGuid = {C90AEECD-DB4C-4BE6-B506-16A449852FB8}
	EndGlobalSection
	GlobalSection(MonoDevelopProperties) = preSolution
		StartupItem = Npgsql.csproj
	EndGlobalSection
EndGlobal
