Microsoft Visual Studio Solution File, Format Version 8.00
Project("{FAE04EC0-301F-11D3-BF4B-00C04F79EFBC}") = "EDBNunit", "EDBNunit.csproj", "{C5BEF4C1-1DA5-47F3-A08F-8C97BFB3E1B3}"
	ProjectSection(ProjectDependencies) = postProject
	EndProjectSection
EndProject
Global
	GlobalSection(SolutionConfiguration) = preSolution
		Debug = Debug
		Release = Release
	EndGlobalSection
	GlobalSection(ProjectConfiguration) = postSolution
		{C5BEF4C1-1DA5-47F3-A08F-8C97BFB3E1B3}.Debug.ActiveCfg = Debug|.NET
		{C5BEF4C1-1DA5-47F3-A08F-8C97BFB3E1B3}.Debug.Build.0 = Debug|.NET
		{C5BEF4C1-1DA5-47F3-A08F-8C97BFB3E1B3}.Release.ActiveCfg = Release|.NET
		{C5BEF4C1-1DA5-47F3-A08F-8C97BFB3E1B3}.Release.Build.0 = Release|.NET
	EndGlobalSection
	GlobalSection(ExtensibilityGlobals) = postSolution
	EndGlobalSection
	GlobalSection(ExtensibilityAddIns) = postSolution
	EndGlobalSection
EndGlobal
