Microsoft Visual Studio Solution File, Format Version 8.00
Project("{FAE04EC0-301F-11D3-BF4B-00C04F79EFBC}") = "EDBDataProvider", "EDBDataProvider\EDBDataProvider.csproj", "{2DF8409B-4EC0-4B10-92D6-78CED5F06C0E}"
	ProjectSection(ProjectDependencies) = postProject
	EndProjectSection
EndProject
Project("{FAE04EC0-301F-11D3-BF4B-00C04F79EFBC}") = "TestSuite", "TestSuite\TestSuite.csproj", "{128CE8C5-445E-4C30-951E-B5B3EB8DC536}"
	ProjectSection(ProjectDependencies) = postProject
	EndProjectSection
EndProject
Project("{FAE04EC0-301F-11D3-BF4B-00C04F79EFBC}") = "Mono.Security", "Mono.Security\Mono.Security.csproj", "{3C6C7065-9DAB-4D13-B6AE-5F910CA22D7C}"
	ProjectSection(ProjectDependencies) = postProject
	EndProjectSection
EndProject
Project("{FAE04EC0-301F-11D3-BF4B-00C04F79EFBC}") = "ProviderTestApp", "ProviderTestApp\ProviderTestApp.csproj", "{5434B4FC-890B-4333-A0C9-1A784715BA76}"
	ProjectSection(ProjectDependencies) = postProject
	EndProjectSection
EndProject

Global
	GlobalSection(SolutionConfiguration) = preSolution
		Debug = Debug
		Release = Release
	EndGlobalSection
	GlobalSection(ProjectConfiguration) = postSolution
		{2DF8409B-4EC0-4B10-92D6-78CED5F06C0E}.Debug.ActiveCfg = Debug|.NET
		{2DF8409B-4EC0-4B10-92D6-78CED5F06C0E}.Debug.Build.0 = Debug|.NET
		{2DF8409B-4EC0-4B10-92D6-78CED5F06C0E}.Release.ActiveCfg = Release|.NET
		{2DF8409B-4EC0-4B10-92D6-78CED5F06C0E}.Release.Build.0 = Release|.NET
		{128CE8C5-445E-4C30-951E-B5B3EB8DC536}.Debug.ActiveCfg = Debug|.NET
		{128CE8C5-445E-4C30-951E-B5B3EB8DC536}.Debug.Build.0 = Debug|.NET
		{128CE8C5-445E-4C30-951E-B5B3EB8DC536}.Release.ActiveCfg = Release|.NET
		{128CE8C5-445E-4C30-951E-B5B3EB8DC536}.Release.Build.0 = Release|.NET
		{3C6C7065-9DAB-4D13-B6AE-5F910CA22D7C}.Debug.ActiveCfg = Debug|.NET
		{3C6C7065-9DAB-4D13-B6AE-5F910CA22D7C}.Debug.Build.0 = Debug|.NET
		{3C6C7065-9DAB-4D13-B6AE-5F910CA22D7C}.Release.ActiveCfg = Release|.NET
		{3C6C7065-9DAB-4D13-B6AE-5F910CA22D7C}.Release.Build.0 = Release|.NET
		{5434B4FC-890B-4333-A0C9-1A784715BA76}.Debug.ActiveCfg = Debug|.NET
		{5434B4FC-890B-4333-A0C9-1A784715BA76}.Debug.Build.0 = Debug|.NET
		{5434B4FC-890B-4333-A0C9-1A784715BA76}.Release.ActiveCfg = Release|.NET
		{5434B4FC-890B-4333-A0C9-1A784715BA76}.Release.Build.0 = Release|.NET
		{7816B5DA-F724-4421-9B1D-3A07B1D6E143}.Debug.ActiveCfg = Debug|.NET
		{7816B5DA-F724-4421-9B1D-3A07B1D6E143}.Debug.Build.0 = Debug|.NET
		{7816B5DA-F724-4421-9B1D-3A07B1D6E143}.Release.ActiveCfg = Release|.NET
		{7816B5DA-F724-4421-9B1D-3A07B1D6E143}.Release.Build.0 = Release|.NET
	EndGlobalSection
	GlobalSection(ExtensibilityGlobals) = postSolution
	EndGlobalSection
	GlobalSection(ExtensibilityAddIns) = postSolution
	EndGlobalSection
EndGlobal
