Microsoft Visual Studio Solution File, Format Version 9.00
# Visual Studio 2005
Project("{FAE04EC0-301F-11D3-BF4B-00C04F79EFBC}") = "EDBDataProvider", "EDBDataProvider\EDBDataProvider.csproj", "{2DF8409B-4EC0-4B10-92D6-78CED5F06C0E}"
EndProject
Project("{FAE04EC0-301F-11D3-BF4B-00C04F79EFBC}") = "TestSuite", "TestSuite\TestSuite.csproj", "{128CE8C5-445E-4C30-951E-B5B3EB8DC536}"
EndProject
Project("{FAE04EC0-301F-11D3-BF4B-00C04F79EFBC}") = "Mono.Security", "Mono.Security\Mono.Security.csproj", "{3C6C7065-9DAB-4D13-B6AE-5F910CA22D7C}"
EndProject
Project("{FAE04EC0-301F-11D3-BF4B-00C04F79EFBC}") = "ProviderTestApp", "ProviderTestApp\ProviderTestApp.csproj", "{5434B4FC-890B-4333-A0C9-1A784715BA76}"
EndProject
Global
	GlobalSection(SolutionConfigurationPlatforms) = preSolution
		Debug|Any CPU = Debug|Any CPU
		Release|Any CPU = Release|Any CPU
	EndGlobalSection
	GlobalSection(ProjectConfigurationPlatforms) = postSolution
		{2DF8409B-4EC0-4B10-92D6-78CED5F06C0E}.Debug|Any CPU.ActiveCfg = Debug|Any CPU
		{2DF8409B-4EC0-4B10-92D6-78CED5F06C0E}.Debug|Any CPU.Build.0 = Debug|Any CPU
		{2DF8409B-4EC0-4B10-92D6-78CED5F06C0E}.Release|Any CPU.ActiveCfg = Release|Any CPU
		{2DF8409B-4EC0-4B10-92D6-78CED5F06C0E}.Release|Any CPU.Build.0 = Release|Any CPU
		{128CE8C5-445E-4C30-951E-B5B3EB8DC536}.Debug|Any CPU.ActiveCfg = Debug|Any CPU
		{128CE8C5-445E-4C30-951E-B5B3EB8DC536}.Debug|Any CPU.Build.0 = Debug|Any CPU
		{128CE8C5-445E-4C30-951E-B5B3EB8DC536}.Release|Any CPU.ActiveCfg = Release|Any CPU
		{128CE8C5-445E-4C30-951E-B5B3EB8DC536}.Release|Any CPU.Build.0 = Release|Any CPU
		{3C6C7065-9DAB-4D13-B6AE-5F910CA22D7C}.Debug|Any CPU.ActiveCfg = Debug|Any CPU
		{3C6C7065-9DAB-4D13-B6AE-5F910CA22D7C}.Debug|Any CPU.Build.0 = Debug|Any CPU
		{3C6C7065-9DAB-4D13-B6AE-5F910CA22D7C}.Release|Any CPU.ActiveCfg = Release|Any CPU
		{3C6C7065-9DAB-4D13-B6AE-5F910CA22D7C}.Release|Any CPU.Build.0 = Release|Any CPU
		{5434B4FC-890B-4333-A0C9-1A784715BA76}.Debug|Any CPU.ActiveCfg = Debug|Any CPU
		{5434B4FC-890B-4333-A0C9-1A784715BA76}.Debug|Any CPU.Build.0 = Debug|Any CPU
		{5434B4FC-890B-4333-A0C9-1A784715BA76}.Release|Any CPU.ActiveCfg = Release|Any CPU
		{5434B4FC-890B-4333-A0C9-1A784715BA76}.Release|Any CPU.Build.0 = Release|Any CPU
	EndGlobalSection
	GlobalSection(SolutionProperties) = preSolution
		HideSolutionNode = FALSE
	EndGlobalSection
EndGlobal
