
Microsoft Visual Studio Solution File, Format Version 12.00
# Visual Studio Version 17
VisualStudioVersion = 17.12.35514.174
MinimumVisualStudioVersion = 10.0.40219.1
Project("{FAE04EC0-301F-11D3-BF4B-00C04F79EFBC}") = "pcap2latex", "pcap2latex.csproj", "{0C3B446C-5AE1-4F13-BAC4-F8635E25981D}"
EndProject
Global
	GlobalSection(SolutionConfigurationPlatforms) = preSolution
		Debug|Any CPU = Debug|Any CPU
		Release|Any CPU = Release|Any CPU
	EndGlobalSection
	GlobalSection(ProjectConfigurationPlatforms) = postSolution
		{0C3B446C-5AE1-4F13-BAC4-F8635E25981D}.Debug|Any CPU.ActiveCfg = Debug|Any CPU
		{0C3B446C-5AE1-4F13-BAC4-F8635E25981D}.Debug|Any CPU.Build.0 = Debug|Any CPU
		{0C3B446C-5AE1-4F13-BAC4-F8635E25981D}.Release|Any CPU.ActiveCfg = Release|Any CPU
		{0C3B446C-5AE1-4F13-BAC4-F8635E25981D}.Release|Any CPU.Build.0 = Release|Any CPU
	EndGlobalSection
	GlobalSection(SolutionProperties) = preSolution
		HideSolutionNode = FALSE
	EndGlobalSection
EndGlobal
