
Microsoft Visual Studio Solution File, Format Version 12.00
# Visual Studio Version 17
VisualStudioVersion = 17.12.35514.174
MinimumVisualStudioVersion = 10.0.40219.1
Project("{FAE04EC0-301F-11D3-BF4B-00C04F79EFBC}") = "pgcap2latex", "pgcap2latex\pgcap2latex.csproj", "{51BEDE32-C97A-A144-0E87-E2882DE324E5}"
EndProject
Project("{FAE04EC0-301F-11D3-BF4B-00C04F79EFBC}") = "pcap2latex.core", "pcap2latex.core\pcap2latex.core.csproj", "{2C68C511-603F-4AA6-B269-A2C1473E6EDB}"
EndProject
Project("{FAE04EC0-301F-11D3-BF4B-00C04F79EFBC}") = "epascap2latex", "epascap2latex\epascap2latex.csproj", "{B68C9155-86EF-4D3E-B0EF-288A4505DB0A}"
EndProject
Global
	GlobalSection(SolutionConfigurationPlatforms) = preSolution
		Debug|Any CPU = Debug|Any CPU
		Release|Any CPU = Release|Any CPU
	EndGlobalSection
	GlobalSection(ProjectConfigurationPlatforms) = postSolution
		{51BEDE32-C97A-A144-0E87-E2882DE324E5}.Debug|Any CPU.ActiveCfg = Debug|Any CPU
		{51BEDE32-C97A-A144-0E87-E2882DE324E5}.Debug|Any CPU.Build.0 = Debug|Any CPU
		{51BEDE32-C97A-A144-0E87-E2882DE324E5}.Release|Any CPU.ActiveCfg = Release|Any CPU
		{51BEDE32-C97A-A144-0E87-E2882DE324E5}.Release|Any CPU.Build.0 = Release|Any CPU
		{2C68C511-603F-4AA6-B269-A2C1473E6EDB}.Debug|Any CPU.ActiveCfg = Debug|Any CPU
		{2C68C511-603F-4AA6-B269-A2C1473E6EDB}.Debug|Any CPU.Build.0 = Debug|Any CPU
		{2C68C511-603F-4AA6-B269-A2C1473E6EDB}.Release|Any CPU.ActiveCfg = Release|Any CPU
		{2C68C511-603F-4AA6-B269-A2C1473E6EDB}.Release|Any CPU.Build.0 = Release|Any CPU
		{B68C9155-86EF-4D3E-B0EF-288A4505DB0A}.Debug|Any CPU.ActiveCfg = Debug|Any CPU
		{B68C9155-86EF-4D3E-B0EF-288A4505DB0A}.Debug|Any CPU.Build.0 = Debug|Any CPU
		{B68C9155-86EF-4D3E-B0EF-288A4505DB0A}.Release|Any CPU.ActiveCfg = Release|Any CPU
		{B68C9155-86EF-4D3E-B0EF-288A4505DB0A}.Release|Any CPU.Build.0 = Release|Any CPU
	EndGlobalSection
	GlobalSection(SolutionProperties) = preSolution
		HideSolutionNode = FALSE
	EndGlobalSection
	GlobalSection(ExtensibilityGlobals) = postSolution
		SolutionGuid = {C7F94FE1-8AE0-41F0-B67E-E5FFAA59A030}
	EndGlobalSection
EndGlobal
