
Microsoft Visual Studio Solution File, Format Version 12.00
# Visual Studio Version 17
VisualStudioVersion = 17.12.35514.174
MinimumVisualStudioVersion = 10.0.40219.1
Project("{FAE04EC0-301F-11D3-BF4B-00C04F79EFBC}") = "pgcap2latex", "pgcap2latex\pgcap2latex.csproj", "{51BEDE32-C97A-A144-0E87-E2882DE324E5}"
EndProject
Project("{FAE04EC0-301F-11D3-BF4B-00C04F79EFBC}") = "pcap2latex.core", "pcap2latex.core\pcap2latex.core.csproj", "{2C68C511-603F-4AA6-B269-A2C1473E6EDB}"
EndProject
Project("{FAE04EC0-301F-11D3-BF4B-00C04F79EFBC}") = "epascap2latex", "epascap2latex\epascap2latex.csproj", "{B68C9155-86EF-4D3E-B0EF-288A4505DB0A}"
EndProject
Project("{FAE04EC0-301F-11D3-BF4B-00C04F79EFBC}") = "BasicSample", "BasicSample\BasicSample.csproj", "{92690ED4-3C61-41DA-9EBD-E262D2CC3435}"
EndProject
Project("{2150E333-8FDC-42A3-9474-1A3956D46DE8}") = "Core", "Core", "{02EA681E-C7D8-13C7-8484-4AC65E1B71E8}"
EndProject
Project("{2150E333-8FDC-42A3-9474-1A3956D46DE8}") = "Apps", "Apps", "{36BAF933-45CD-409E-938E-5BBA1AAEFBFB}"
EndProject
Project("{2150E333-8FDC-42A3-9474-1A3956D46DE8}") = "Tests", "Tests", "{80CB0A15-A3E8-497E-BD2C-94BE00331D86}"
EndProject
Project("{FAE04EC0-301F-11D3-BF4B-00C04F79EFBC}") = "pcap2latex.tests", "pcap2latex.tests\pcap2latex.tests.csproj", "{68D05971-7E1E-4815-90DF-501C9DB7F838}"
EndProject
Project("{2150E333-8FDC-42A3-9474-1A3956D46DE8}") = "EDB specific", "EDB specific", "{2A6147F6-8C96-4932-9521-A959E24FA8CD}"
EndProject
Global
	GlobalSection(SolutionConfigurationPlatforms) = preSolution
		Debug|Any CPU = Debug|Any CPU
		Release|Any CPU = Release|Any CPU
	EndGlobalSection
	GlobalSection(ProjectConfigurationPlatforms) = postSolution
		{51BEDE32-C97A-A144-0E87-E2882DE324E5}.Debug|Any CPU.ActiveCfg = Debug|Any CPU
		{51BEDE32-C97A-A144-0E87-E2882DE324E5}.Debug|Any CPU.Build.0 = Debug|Any CPU
		{51BEDE32-C97A-A144-0E87-E2882DE324E5}.Release|Any CPU.ActiveCfg = Release|Any CPU
		{51BEDE32-C97A-A144-0E87-E2882DE324E5}.Release|Any CPU.Build.0 = Release|Any CPU
		{2C68C511-603F-4AA6-B269-A2C1473E6EDB}.Debug|Any CPU.ActiveCfg = Debug|Any CPU
		{2C68C511-603F-4AA6-B269-A2C1473E6EDB}.Debug|Any CPU.Build.0 = Debug|Any CPU
		{2C68C511-603F-4AA6-B269-A2C1473E6EDB}.Release|Any CPU.ActiveCfg = Release|Any CPU
		{2C68C511-603F-4AA6-B269-A2C1473E6EDB}.Release|Any CPU.Build.0 = Release|Any CPU
		{B68C9155-86EF-4D3E-B0EF-288A4505DB0A}.Debug|Any CPU.ActiveCfg = Debug|Any CPU
		{B68C9155-86EF-4D3E-B0EF-288A4505DB0A}.Debug|Any CPU.Build.0 = Debug|Any CPU
		{B68C9155-86EF-4D3E-B0EF-288A4505DB0A}.Release|Any CPU.ActiveCfg = Release|Any CPU
		{B68C9155-86EF-4D3E-B0EF-288A4505DB0A}.Release|Any CPU.Build.0 = Release|Any CPU
		{92690ED4-3C61-41DA-9EBD-E262D2CC3435}.Debug|Any CPU.ActiveCfg = Debug|Any CPU
		{92690ED4-3C61-41DA-9EBD-E262D2CC3435}.Debug|Any CPU.Build.0 = Debug|Any CPU
		{92690ED4-3C61-41DA-9EBD-E262D2CC3435}.Release|Any CPU.ActiveCfg = Release|Any CPU
		{92690ED4-3C61-41DA-9EBD-E262D2CC3435}.Release|Any CPU.Build.0 = Release|Any CPU
		{68D05971-7E1E-4815-90DF-501C9DB7F838}.Debug|Any CPU.ActiveCfg = Debug|Any CPU
		{68D05971-7E1E-4815-90DF-501C9DB7F838}.Debug|Any CPU.Build.0 = Debug|Any CPU
		{68D05971-7E1E-4815-90DF-501C9DB7F838}.Release|Any CPU.ActiveCfg = Release|Any CPU
		{68D05971-7E1E-4815-90DF-501C9DB7F838}.Release|Any CPU.Build.0 = Release|Any CPU
	EndGlobalSection
	GlobalSection(SolutionProperties) = preSolution
		HideSolutionNode = FALSE
	EndGlobalSection
	GlobalSection(NestedProjects) = preSolution
		{51BEDE32-C97A-A144-0E87-E2882DE324E5} = {36BAF933-45CD-409E-938E-5BBA1AAEFBFB}
		{2C68C511-603F-4AA6-B269-A2C1473E6EDB} = {02EA681E-C7D8-13C7-8484-4AC65E1B71E8}
		{B68C9155-86EF-4D3E-B0EF-288A4505DB0A} = {2A6147F6-8C96-4932-9521-A959E24FA8CD}
		{92690ED4-3C61-41DA-9EBD-E262D2CC3435} = {36BAF933-45CD-409E-938E-5BBA1AAEFBFB}
		{68D05971-7E1E-4815-90DF-501C9DB7F838} = {80CB0A15-A3E8-497E-BD2C-94BE00331D86}
	EndGlobalSection
	GlobalSection(ExtensibilityGlobals) = postSolution
		SolutionGuid = {C7F94FE1-8AE0-41F0-B67E-E5FFAA59A030}
	EndGlobalSection
EndGlobal
