
Microsoft Visual Studio Solution File, Format Version 12.00
# Visual Studio Version 18
VisualStudioVersion = 18.1.11304.174 d18.0
MinimumVisualStudioVersion = 10.0.40219.1
Project("{2150E333-8FDC-42A3-9474-1A3956D46DE8}") = "Solution Items", "Solution Items", "{089100B1-113F-4E66-888A-E83F3999EAFD}"
	ProjectSection(SolutionItems) = preProject
		.editorconfig = .editorconfig
		Directory.Build.props = Directory.Build.props
		Directory.Packages.props = Directory.Packages.props
		EnterpriseDB.EDBClient.snk = EnterpriseDB.EDBClient.snk
		global.json = global.json
		NuGet.config = NuGet.config
		README.md = README.md
	EndProjectSection
EndProject
Project("{2150E333-8FDC-42A3-9474-1A3956D46DE8}") = "src", "src", "{827E0CD3-B72D-47B6-A68D-7590B98EB39B}"
EndProject
Project("{FAE04EC0-301F-11D3-BF4B-00C04F79EFBC}") = "EFCore.PG.NodaTime", "src\EFCore.PG.NodaTime\EFCore.PG.NodaTime.csproj", "{909F96F0-6732-7D3D-1B2F-1FB1F0EF8C57}"
EndProject
Project("{FAE04EC0-301F-11D3-BF4B-00C04F79EFBC}") = "EFCore.PG.NTS", "src\EFCore.PG.NTS\EFCore.PG.NTS.csproj", "{48CA657B-FA0D-7242-C705-7A87FE5F78EF}"
EndProject
Project("{FAE04EC0-301F-11D3-BF4B-00C04F79EFBC}") = "EFCore.PG", "src\EFCore.PG\EFCore.PG.csproj", "{8E05D690-29D1-FCC4-2CF2-53DE560BDF73}"
EndProject
Project("{2150E333-8FDC-42A3-9474-1A3956D46DE8}") = "ADO", "ADO", "{A9F17777-A740-325E-5532-CCA07619CEBE}"
EndProject
Project("{FAE04EC0-301F-11D3-BF4B-00C04F79EFBC}") = "Npgsql.DependencyInjection", "..\src\Npgsql.DependencyInjection\Npgsql.DependencyInjection.csproj", "{D086C40A-954E-E031-779E-31BE24C57288}"
EndProject
Project("{FAE04EC0-301F-11D3-BF4B-00C04F79EFBC}") = "Npgsql.GeoJSON", "..\src\Npgsql.GeoJSON\Npgsql.GeoJSON.csproj", "{DBF32DE8-FD50-4761-4678-9B0442066C8F}"
EndProject
Project("{FAE04EC0-301F-11D3-BF4B-00C04F79EFBC}") = "Npgsql.Json.NET", "..\src\Npgsql.Json.NET\Npgsql.Json.NET.csproj", "{F1B358BA-8EDB-69CE-CCA2-965310C84A86}"
EndProject
Project("{FAE04EC0-301F-11D3-BF4B-00C04F79EFBC}") = "Npgsql.NetTopologySuite", "..\src\Npgsql.NetTopologySuite\Npgsql.NetTopologySuite.csproj", "{CDBC7AC9-39E7-87F0-A8E0-EFDEF5743311}"
EndProject
Project("{FAE04EC0-301F-11D3-BF4B-00C04F79EFBC}") = "Npgsql.NodaTime", "..\src\Npgsql.NodaTime\Npgsql.NodaTime.csproj", "{99663C5C-FAB6-6B63-2160-004730812A63}"
EndProject
Project("{FAE04EC0-301F-11D3-BF4B-00C04F79EFBC}") = "Npgsql.OpenTelemetry", "..\src\Npgsql.OpenTelemetry\Npgsql.OpenTelemetry.csproj", "{9185B8F2-2AC1-94F0-2E5E-9A7C9438011E}"
EndProject
Project("{FAE04EC0-301F-11D3-BF4B-00C04F79EFBC}") = "Npgsql", "..\src\Npgsql\Npgsql.csproj", "{93EEB657-030C-B858-8B64-D95E8ABDC29B}"
EndProject
Project("{2150E333-8FDC-42A3-9474-1A3956D46DE8}") = "test-core", "test-core", "{5AD67188-855D-BB91-4604-EF00635F1F8F}"
EndProject
Project("{FAE04EC0-301F-11D3-BF4B-00C04F79EFBC}") = "Npgsql.DependencyInjection.Tests", "..\test\Npgsql.DependencyInjection.Tests\Npgsql.DependencyInjection.Tests.csproj", "{F1882C2E-8248-C914-35D0-7769FACF3B44}"
EndProject
Project("{FAE04EC0-301F-11D3-BF4B-00C04F79EFBC}") = "Npgsql.PluginTests", "..\test\Npgsql.PluginTests\Npgsql.PluginTests.csproj", "{F4558835-4F6F-7EC8-44D0-D1C162515223}"
EndProject
Project("{FAE04EC0-301F-11D3-BF4B-00C04F79EFBC}") = "Npgsql.Specification.Tests", "..\test\Npgsql.Specification.Tests\Npgsql.Specification.Tests.csproj", "{2365F3C0-D2B4-A6B0-8C7F-FE832D7CA0F2}"
EndProject
Project("{FAE04EC0-301F-11D3-BF4B-00C04F79EFBC}") = "Npgsql.Tests", "..\test\Npgsql.Tests\Npgsql.Tests.csproj", "{E281E0E1-0E66-E331-1182-8968B58DF48B}"
EndProject
Project("{2150E333-8FDC-42A3-9474-1A3956D46DE8}") = "test", "test", "{0C88DD14-F956-CE84-757C-A364CCF449FC}"
EndProject
Project("{FAE04EC0-301F-11D3-BF4B-00C04F79EFBC}") = "EFCore.PG.FunctionalTests", "test\EFCore.PG.FunctionalTests\EFCore.PG.FunctionalTests.csproj", "{0CF081C0-9FC2-3E0E-88A1-626D36C92A36}"
EndProject
Project("{FAE04EC0-301F-11D3-BF4B-00C04F79EFBC}") = "EFCore.PG.Tests", "test\EFCore.PG.Tests\EFCore.PG.Tests.csproj", "{08A3E797-3D48-AC12-35D8-EC8BB9F87CCB}"
EndProject
Global
	GlobalSection(SolutionConfigurationPlatforms) = preSolution
		Debug|Any CPU = Debug|Any CPU
		Release|Any CPU = Release|Any CPU
	EndGlobalSection
	GlobalSection(ProjectConfigurationPlatforms) = postSolution
		{909F96F0-6732-7D3D-1B2F-1FB1F0EF8C57}.Debug|Any CPU.ActiveCfg = Debug|Any CPU
		{909F96F0-6732-7D3D-1B2F-1FB1F0EF8C57}.Debug|Any CPU.Build.0 = Debug|Any CPU
		{909F96F0-6732-7D3D-1B2F-1FB1F0EF8C57}.Release|Any CPU.ActiveCfg = Release|Any CPU
		{909F96F0-6732-7D3D-1B2F-1FB1F0EF8C57}.Release|Any CPU.Build.0 = Release|Any CPU
		{48CA657B-FA0D-7242-C705-7A87FE5F78EF}.Debug|Any CPU.ActiveCfg = Debug|Any CPU
		{48CA657B-FA0D-7242-C705-7A87FE5F78EF}.Debug|Any CPU.Build.0 = Debug|Any CPU
		{48CA657B-FA0D-7242-C705-7A87FE5F78EF}.Release|Any CPU.ActiveCfg = Release|Any CPU
		{48CA657B-FA0D-7242-C705-7A87FE5F78EF}.Release|Any CPU.Build.0 = Release|Any CPU
		{8E05D690-29D1-FCC4-2CF2-53DE560BDF73}.Debug|Any CPU.ActiveCfg = Debug|Any CPU
		{8E05D690-29D1-FCC4-2CF2-53DE560BDF73}.Debug|Any CPU.Build.0 = Debug|Any CPU
		{8E05D690-29D1-FCC4-2CF2-53DE560BDF73}.Release|Any CPU.ActiveCfg = Release|Any CPU
		{8E05D690-29D1-FCC4-2CF2-53DE560BDF73}.Release|Any CPU.Build.0 = Release|Any CPU
		{D086C40A-954E-E031-779E-31BE24C57288}.Debug|Any CPU.ActiveCfg = Debug|Any CPU
		{D086C40A-954E-E031-779E-31BE24C57288}.Debug|Any CPU.Build.0 = Debug|Any CPU
		{D086C40A-954E-E031-779E-31BE24C57288}.Release|Any CPU.ActiveCfg = Release|Any CPU
		{D086C40A-954E-E031-779E-31BE24C57288}.Release|Any CPU.Build.0 = Release|Any CPU
		{DBF32DE8-FD50-4761-4678-9B0442066C8F}.Debug|Any CPU.ActiveCfg = Debug|Any CPU
		{DBF32DE8-FD50-4761-4678-9B0442066C8F}.Debug|Any CPU.Build.0 = Debug|Any CPU
		{DBF32DE8-FD50-4761-4678-9B0442066C8F}.Release|Any CPU.ActiveCfg = Release|Any CPU
		{DBF32DE8-FD50-4761-4678-9B0442066C8F}.Release|Any CPU.Build.0 = Release|Any CPU
		{F1B358BA-8EDB-69CE-CCA2-965310C84A86}.Debug|Any CPU.ActiveCfg = Debug|Any CPU
		{F1B358BA-8EDB-69CE-CCA2-965310C84A86}.Debug|Any CPU.Build.0 = Debug|Any CPU
		{F1B358BA-8EDB-69CE-CCA2-965310C84A86}.Release|Any CPU.ActiveCfg = Release|Any CPU
		{F1B358BA-8EDB-69CE-CCA2-965310C84A86}.Release|Any CPU.Build.0 = Release|Any CPU
		{CDBC7AC9-39E7-87F0-A8E0-EFDEF5743311}.Debug|Any CPU.ActiveCfg = Debug|Any CPU
		{CDBC7AC9-39E7-87F0-A8E0-EFDEF5743311}.Debug|Any CPU.Build.0 = Debug|Any CPU
		{CDBC7AC9-39E7-87F0-A8E0-EFDEF5743311}.Release|Any CPU.ActiveCfg = Release|Any CPU
		{CDBC7AC9-39E7-87F0-A8E0-EFDEF5743311}.Release|Any CPU.Build.0 = Release|Any CPU
		{99663C5C-FAB6-6B63-2160-004730812A63}.Debug|Any CPU.ActiveCfg = Debug|Any CPU
		{99663C5C-FAB6-6B63-2160-004730812A63}.Debug|Any CPU.Build.0 = Debug|Any CPU
		{99663C5C-FAB6-6B63-2160-004730812A63}.Release|Any CPU.ActiveCfg = Release|Any CPU
		{99663C5C-FAB6-6B63-2160-004730812A63}.Release|Any CPU.Build.0 = Release|Any CPU
		{9185B8F2-2AC1-94F0-2E5E-9A7C9438011E}.Debug|Any CPU.ActiveCfg = Debug|Any CPU
		{9185B8F2-2AC1-94F0-2E5E-9A7C9438011E}.Debug|Any CPU.Build.0 = Debug|Any CPU
		{9185B8F2-2AC1-94F0-2E5E-9A7C9438011E}.Release|Any CPU.ActiveCfg = Release|Any CPU
		{9185B8F2-2AC1-94F0-2E5E-9A7C9438011E}.Release|Any CPU.Build.0 = Release|Any CPU
		{93EEB657-030C-B858-8B64-D95E8ABDC29B}.Debug|Any CPU.ActiveCfg = Debug|Any CPU
		{93EEB657-030C-B858-8B64-D95E8ABDC29B}.Debug|Any CPU.Build.0 = Debug|Any CPU
		{93EEB657-030C-B858-8B64-D95E8ABDC29B}.Release|Any CPU.ActiveCfg = Release|Any CPU
		{93EEB657-030C-B858-8B64-D95E8ABDC29B}.Release|Any CPU.Build.0 = Release|Any CPU
		{F1882C2E-8248-C914-35D0-7769FACF3B44}.Debug|Any CPU.ActiveCfg = Debug|Any CPU
		{F1882C2E-8248-C914-35D0-7769FACF3B44}.Debug|Any CPU.Build.0 = Debug|Any CPU
		{F1882C2E-8248-C914-35D0-7769FACF3B44}.Release|Any CPU.ActiveCfg = Release|Any CPU
		{F1882C2E-8248-C914-35D0-7769FACF3B44}.Release|Any CPU.Build.0 = Release|Any CPU
		{F4558835-4F6F-7EC8-44D0-D1C162515223}.Debug|Any CPU.ActiveCfg = Debug|Any CPU
		{F4558835-4F6F-7EC8-44D0-D1C162515223}.Debug|Any CPU.Build.0 = Debug|Any CPU
		{F4558835-4F6F-7EC8-44D0-D1C162515223}.Release|Any CPU.ActiveCfg = Release|Any CPU
		{F4558835-4F6F-7EC8-44D0-D1C162515223}.Release|Any CPU.Build.0 = Release|Any CPU
		{2365F3C0-D2B4-A6B0-8C7F-FE832D7CA0F2}.Debug|Any CPU.ActiveCfg = Debug|Any CPU
		{2365F3C0-D2B4-A6B0-8C7F-FE832D7CA0F2}.Debug|Any CPU.Build.0 = Debug|Any CPU
		{2365F3C0-D2B4-A6B0-8C7F-FE832D7CA0F2}.Release|Any CPU.ActiveCfg = Release|Any CPU
		{2365F3C0-D2B4-A6B0-8C7F-FE832D7CA0F2}.Release|Any CPU.Build.0 = Release|Any CPU
		{E281E0E1-0E66-E331-1182-8968B58DF48B}.Debug|Any CPU.ActiveCfg = Debug|Any CPU
		{E281E0E1-0E66-E331-1182-8968B58DF48B}.Debug|Any CPU.Build.0 = Debug|Any CPU
		{E281E0E1-0E66-E331-1182-8968B58DF48B}.Release|Any CPU.ActiveCfg = Release|Any CPU
		{E281E0E1-0E66-E331-1182-8968B58DF48B}.Release|Any CPU.Build.0 = Release|Any CPU
		{0CF081C0-9FC2-3E0E-88A1-626D36C92A36}.Debug|Any CPU.ActiveCfg = Debug|Any CPU
		{0CF081C0-9FC2-3E0E-88A1-626D36C92A36}.Debug|Any CPU.Build.0 = Debug|Any CPU
		{0CF081C0-9FC2-3E0E-88A1-626D36C92A36}.Release|Any CPU.ActiveCfg = Release|Any CPU
		{0CF081C0-9FC2-3E0E-88A1-626D36C92A36}.Release|Any CPU.Build.0 = Release|Any CPU
		{08A3E797-3D48-AC12-35D8-EC8BB9F87CCB}.Debug|Any CPU.ActiveCfg = Debug|Any CPU
		{08A3E797-3D48-AC12-35D8-EC8BB9F87CCB}.Debug|Any CPU.Build.0 = Debug|Any CPU
		{08A3E797-3D48-AC12-35D8-EC8BB9F87CCB}.Release|Any CPU.ActiveCfg = Release|Any CPU
		{08A3E797-3D48-AC12-35D8-EC8BB9F87CCB}.Release|Any CPU.Build.0 = Release|Any CPU
	EndGlobalSection
	GlobalSection(SolutionProperties) = preSolution
		HideSolutionNode = FALSE
	EndGlobalSection
	GlobalSection(NestedProjects) = preSolution
		{909F96F0-6732-7D3D-1B2F-1FB1F0EF8C57} = {827E0CD3-B72D-47B6-A68D-7590B98EB39B}
		{48CA657B-FA0D-7242-C705-7A87FE5F78EF} = {827E0CD3-B72D-47B6-A68D-7590B98EB39B}
		{8E05D690-29D1-FCC4-2CF2-53DE560BDF73} = {827E0CD3-B72D-47B6-A68D-7590B98EB39B}
		{A9F17777-A740-325E-5532-CCA07619CEBE} = {827E0CD3-B72D-47B6-A68D-7590B98EB39B}
		{D086C40A-954E-E031-779E-31BE24C57288} = {A9F17777-A740-325E-5532-CCA07619CEBE}
		{DBF32DE8-FD50-4761-4678-9B0442066C8F} = {A9F17777-A740-325E-5532-CCA07619CEBE}
		{F1B358BA-8EDB-69CE-CCA2-965310C84A86} = {A9F17777-A740-325E-5532-CCA07619CEBE}
		{CDBC7AC9-39E7-87F0-A8E0-EFDEF5743311} = {A9F17777-A740-325E-5532-CCA07619CEBE}
		{99663C5C-FAB6-6B63-2160-004730812A63} = {A9F17777-A740-325E-5532-CCA07619CEBE}
		{9185B8F2-2AC1-94F0-2E5E-9A7C9438011E} = {A9F17777-A740-325E-5532-CCA07619CEBE}
		{93EEB657-030C-B858-8B64-D95E8ABDC29B} = {A9F17777-A740-325E-5532-CCA07619CEBE}
		{F1882C2E-8248-C914-35D0-7769FACF3B44} = {5AD67188-855D-BB91-4604-EF00635F1F8F}
		{F4558835-4F6F-7EC8-44D0-D1C162515223} = {5AD67188-855D-BB91-4604-EF00635F1F8F}
		{2365F3C0-D2B4-A6B0-8C7F-FE832D7CA0F2} = {5AD67188-855D-BB91-4604-EF00635F1F8F}
		{E281E0E1-0E66-E331-1182-8968B58DF48B} = {5AD67188-855D-BB91-4604-EF00635F1F8F}
		{0CF081C0-9FC2-3E0E-88A1-626D36C92A36} = {0C88DD14-F956-CE84-757C-A364CCF449FC}
		{08A3E797-3D48-AC12-35D8-EC8BB9F87CCB} = {0C88DD14-F956-CE84-757C-A364CCF449FC}
	EndGlobalSection
EndGlobal
