
Microsoft Visual Studio Solution File, Format Version 12.00
# Visual Studio Version 17
VisualStudioVersion = 17.10.34916.146
MinimumVisualStudioVersion = 10.0.40219.1
Project("{2150E333-8FDC-42A3-9474-1A3956D46DE8}") = "Solution Items", "Solution Items", "{4A5A60DD-41B6-40BF-B677-227A921ECCC8}"
	ProjectSection(SolutionItems) = preProject
		Directory.Build.props = Directory.Build.props
		Directory.Packages.props = Directory.Packages.props
		EnterpriseDB.EDBClient.snk = EnterpriseDB.EDBClient.snk
		global.json = global.json
		NuGet.config = NuGet.config
		README.md = README.md
	EndProjectSection
EndProject
Project("{2150E333-8FDC-42A3-9474-1A3956D46DE8}") = "src", "src", "{8537E50E-CF7F-49CB-B4EF-3E2A1B11F050}"
EndProject
Project("{2150E333-8FDC-42A3-9474-1A3956D46DE8}") = "test", "test", "{ED612DB1-AB32-4603-95E7-891BACA71C39}"
EndProject
Project("{9A19103F-16F7-4668-BE54-9A1E7A4F7556}") = "EFCore.PG", "src\EFCore.PG\EFCore.PG.csproj", "{FADDA2D1-03B4-4DEF-8D24-DD1CA4E81F4A}"
EndProject
Project("{9A19103F-16F7-4668-BE54-9A1E7A4F7556}") = "EFCore.PG.Tests", "test\EFCore.PG.Tests\EFCore.PG.Tests.csproj", "{E1D99AD4-D88B-42BA-86DF-90B98B2E9A01}"
EndProject
Project("{9A19103F-16F7-4668-BE54-9A1E7A4F7556}") = "EFCore.PG.FunctionalTests", "test\EFCore.PG.FunctionalTests\EFCore.PG.FunctionalTests.csproj", "{05A7D0B7-4AE1-4BC8-A1BE-2389F1593B2D}"
EndProject
Project("{9A19103F-16F7-4668-BE54-9A1E7A4F7556}") = "EFCore.PG.NodaTime.FunctionalTests", "test\EFCore.PG.NodaTime.FunctionalTests\EFCore.PG.NodaTime.FunctionalTests.csproj", "{B78A7825-BE72-4509-B0AD-01EEC67A9624}"
EndProject
Project("{9A19103F-16F7-4668-BE54-9A1E7A4F7556}") = "EFCore.PG.NodaTime", "src\EFCore.PG.NodaTime\EFCore.PG.NodaTime.csproj", "{77F0608F-6D0C-481C-9108-D5176E2EAD69}"
EndProject
Project("{9A19103F-16F7-4668-BE54-9A1E7A4F7556}") = "EFCore.PG.NTS", "src\EFCore.PG.NTS\EFCore.PG.NTS.csproj", "{D7106D61-C7CA-4005-B31F-43281BB397AD}"
EndProject
Project("{2150E333-8FDC-42A3-9474-1A3956D46DE8}") = "Github", "Github", "{26203F54-A3C1-43AD-A101-8F589D2D67AD}"
	ProjectSection(SolutionItems) = preProject
		.github\workflows\build.yml = .github\workflows\build.yml
		.github\workflows\codeql-analysis.yml = .github\workflows\codeql-analysis.yml
		.github\dependabot.yml = .github\dependabot.yml
	EndProjectSection
EndProject
Project("{2150E333-8FDC-42A3-9474-1A3956D46DE8}") = "ADO", "ADO", "{B1EFF3D6-4618-4DD7-97E2-A3962306BB4E}"
EndProject
Project("{9A19103F-16F7-4668-BE54-9A1E7A4F7556}") = "Npgsql", "..\src\Npgsql\Npgsql.csproj", "{71689B83-42C5-4B1A-B7CA-B766AA248BCD}"
EndProject
Project("{9A19103F-16F7-4668-BE54-9A1E7A4F7556}") = "Npgsql.NodaTime", "..\src\Npgsql.NodaTime\Npgsql.NodaTime.csproj", "{12F8929C-31F3-4466-BDF8-43CBB0216DE0}"
EndProject
Project("{9A19103F-16F7-4668-BE54-9A1E7A4F7556}") = "Npgsql.NetTopologySuite", "..\src\Npgsql.NetTopologySuite\Npgsql.NetTopologySuite.csproj", "{081ABD15-37C4-4A79-B097-1D2A28984E6F}"
EndProject
Project("{9A19103F-16F7-4668-BE54-9A1E7A4F7556}") = "Npgsql.DependencyInjection", "..\src\Npgsql.DependencyInjection\Npgsql.DependencyInjection.csproj", "{9C9E9F7C-64DB-427E-A4AB-2824383F0AC6}"
EndProject
Project("{9A19103F-16F7-4668-BE54-9A1E7A4F7556}") = "Npgsql.GeoJSON", "..\src\Npgsql.GeoJSON\Npgsql.GeoJSON.csproj", "{23DAC4E5-943E-45C4-AB11-7F48FE865901}"
EndProject
Project("{9A19103F-16F7-4668-BE54-9A1E7A4F7556}") = "Npgsql.Json.NET", "..\src\Npgsql.Json.NET\Npgsql.Json.NET.csproj", "{7BD9822C-C7E8-439F-B555-A5BE48481EEF}"
EndProject
Project("{9A19103F-16F7-4668-BE54-9A1E7A4F7556}") = "Npgsql.OpenTelemetry", "..\src\Npgsql.OpenTelemetry\Npgsql.OpenTelemetry.csproj", "{35033191-EBEE-46C2-BA68-2E665C912825}"
EndProject
Project("{2150E333-8FDC-42A3-9474-1A3956D46DE8}") = "test-core", "test-core", "{13E8190F-1A50-4A87-92D5-CA3CEE3C0644}"
EndProject
Project("{9A19103F-16F7-4668-BE54-9A1E7A4F7556}") = "Npgsql.Tests", "..\test\Npgsql.Tests\Npgsql.Tests.csproj", "{8100B9D2-CB5F-434D-A2F4-C5BCEE6D21E0}"
EndProject
Project("{9A19103F-16F7-4668-BE54-9A1E7A4F7556}") = "Npgsql.DependencyInjection.Tests", "..\test\Npgsql.DependencyInjection.Tests\Npgsql.DependencyInjection.Tests.csproj", "{8B5995FB-7AFE-4E57-9530-449B7AC0B281}"
EndProject
Project("{9A19103F-16F7-4668-BE54-9A1E7A4F7556}") = "Npgsql.Specification.Tests", "..\test\Npgsql.Specification.Tests\Npgsql.Specification.Tests.csproj", "{6AC2570A-BB2A-47C2-9AAE-D0ABA0287D53}"
EndProject
Project("{9A19103F-16F7-4668-BE54-9A1E7A4F7556}") = "Npgsql.PluginTests", "..\test\Npgsql.PluginTests\Npgsql.PluginTests.csproj", "{AB5ABD35-0141-40B7-A114-403F04A1BD7F}"
EndProject
Global
	GlobalSection(SolutionConfigurationPlatforms) = preSolution
		Debug|Any CPU = Debug|Any CPU
		Release|Any CPU = Release|Any CPU
	EndGlobalSection
	GlobalSection(ProjectConfigurationPlatforms) = postSolution
		{FADDA2D1-03B4-4DEF-8D24-DD1CA4E81F4A}.Debug|Any CPU.ActiveCfg = Debug|Any CPU
		{FADDA2D1-03B4-4DEF-8D24-DD1CA4E81F4A}.Debug|Any CPU.Build.0 = Debug|Any CPU
		{FADDA2D1-03B4-4DEF-8D24-DD1CA4E81F4A}.Release|Any CPU.ActiveCfg = Release|Any CPU
		{FADDA2D1-03B4-4DEF-8D24-DD1CA4E81F4A}.Release|Any CPU.Build.0 = Release|Any CPU
		{E1D99AD4-D88B-42BA-86DF-90B98B2E9A01}.Debug|Any CPU.ActiveCfg = Debug|Any CPU
		{E1D99AD4-D88B-42BA-86DF-90B98B2E9A01}.Debug|Any CPU.Build.0 = Debug|Any CPU
		{E1D99AD4-D88B-42BA-86DF-90B98B2E9A01}.Release|Any CPU.ActiveCfg = Release|Any CPU
		{E1D99AD4-D88B-42BA-86DF-90B98B2E9A01}.Release|Any CPU.Build.0 = Release|Any CPU
		{05A7D0B7-4AE1-4BC8-A1BE-2389F1593B2D}.Debug|Any CPU.ActiveCfg = Debug|Any CPU
		{05A7D0B7-4AE1-4BC8-A1BE-2389F1593B2D}.Debug|Any CPU.Build.0 = Debug|Any CPU
		{05A7D0B7-4AE1-4BC8-A1BE-2389F1593B2D}.Release|Any CPU.ActiveCfg = Release|Any CPU
		{05A7D0B7-4AE1-4BC8-A1BE-2389F1593B2D}.Release|Any CPU.Build.0 = Release|Any CPU
		{B78A7825-BE72-4509-B0AD-01EEC67A9624}.Debug|Any CPU.ActiveCfg = Debug|Any CPU
		{B78A7825-BE72-4509-B0AD-01EEC67A9624}.Debug|Any CPU.Build.0 = Debug|Any CPU
		{B78A7825-BE72-4509-B0AD-01EEC67A9624}.Release|Any CPU.ActiveCfg = Release|Any CPU
		{B78A7825-BE72-4509-B0AD-01EEC67A9624}.Release|Any CPU.Build.0 = Release|Any CPU
		{77F0608F-6D0C-481C-9108-D5176E2EAD69}.Debug|Any CPU.ActiveCfg = Debug|Any CPU
		{77F0608F-6D0C-481C-9108-D5176E2EAD69}.Debug|Any CPU.Build.0 = Debug|Any CPU
		{77F0608F-6D0C-481C-9108-D5176E2EAD69}.Release|Any CPU.ActiveCfg = Release|Any CPU
		{77F0608F-6D0C-481C-9108-D5176E2EAD69}.Release|Any CPU.Build.0 = Release|Any CPU
		{D7106D61-C7CA-4005-B31F-43281BB397AD}.Debug|Any CPU.ActiveCfg = Debug|Any CPU
		{D7106D61-C7CA-4005-B31F-43281BB397AD}.Debug|Any CPU.Build.0 = Debug|Any CPU
		{D7106D61-C7CA-4005-B31F-43281BB397AD}.Release|Any CPU.ActiveCfg = Release|Any CPU
		{D7106D61-C7CA-4005-B31F-43281BB397AD}.Release|Any CPU.Build.0 = Release|Any CPU
		{71689B83-42C5-4B1A-B7CA-B766AA248BCD}.Debug|Any CPU.ActiveCfg = Debug|Any CPU
		{71689B83-42C5-4B1A-B7CA-B766AA248BCD}.Debug|Any CPU.Build.0 = Debug|Any CPU
		{71689B83-42C5-4B1A-B7CA-B766AA248BCD}.Release|Any CPU.ActiveCfg = Release|Any CPU
		{71689B83-42C5-4B1A-B7CA-B766AA248BCD}.Release|Any CPU.Build.0 = Release|Any CPU
		{12F8929C-31F3-4466-BDF8-43CBB0216DE0}.Debug|Any CPU.ActiveCfg = Debug|Any CPU
		{12F8929C-31F3-4466-BDF8-43CBB0216DE0}.Debug|Any CPU.Build.0 = Debug|Any CPU
		{12F8929C-31F3-4466-BDF8-43CBB0216DE0}.Release|Any CPU.ActiveCfg = Release|Any CPU
		{12F8929C-31F3-4466-BDF8-43CBB0216DE0}.Release|Any CPU.Build.0 = Release|Any CPU
		{081ABD15-37C4-4A79-B097-1D2A28984E6F}.Debug|Any CPU.ActiveCfg = Debug|Any CPU
		{081ABD15-37C4-4A79-B097-1D2A28984E6F}.Debug|Any CPU.Build.0 = Debug|Any CPU
		{081ABD15-37C4-4A79-B097-1D2A28984E6F}.Release|Any CPU.ActiveCfg = Release|Any CPU
		{081ABD15-37C4-4A79-B097-1D2A28984E6F}.Release|Any CPU.Build.0 = Release|Any CPU
		{9C9E9F7C-64DB-427E-A4AB-2824383F0AC6}.Debug|Any CPU.ActiveCfg = Debug|Any CPU
		{9C9E9F7C-64DB-427E-A4AB-2824383F0AC6}.Debug|Any CPU.Build.0 = Debug|Any CPU
		{9C9E9F7C-64DB-427E-A4AB-2824383F0AC6}.Release|Any CPU.ActiveCfg = Release|Any CPU
		{9C9E9F7C-64DB-427E-A4AB-2824383F0AC6}.Release|Any CPU.Build.0 = Release|Any CPU
		{23DAC4E5-943E-45C4-AB11-7F48FE865901}.Debug|Any CPU.ActiveCfg = Debug|Any CPU
		{23DAC4E5-943E-45C4-AB11-7F48FE865901}.Debug|Any CPU.Build.0 = Debug|Any CPU
		{23DAC4E5-943E-45C4-AB11-7F48FE865901}.Release|Any CPU.ActiveCfg = Release|Any CPU
		{23DAC4E5-943E-45C4-AB11-7F48FE865901}.Release|Any CPU.Build.0 = Release|Any CPU
		{7BD9822C-C7E8-439F-B555-A5BE48481EEF}.Debug|Any CPU.ActiveCfg = Debug|Any CPU
		{7BD9822C-C7E8-439F-B555-A5BE48481EEF}.Debug|Any CPU.Build.0 = Debug|Any CPU
		{7BD9822C-C7E8-439F-B555-A5BE48481EEF}.Release|Any CPU.ActiveCfg = Release|Any CPU
		{7BD9822C-C7E8-439F-B555-A5BE48481EEF}.Release|Any CPU.Build.0 = Release|Any CPU
		{35033191-EBEE-46C2-BA68-2E665C912825}.Debug|Any CPU.ActiveCfg = Debug|Any CPU
		{35033191-EBEE-46C2-BA68-2E665C912825}.Debug|Any CPU.Build.0 = Debug|Any CPU
		{35033191-EBEE-46C2-BA68-2E665C912825}.Release|Any CPU.ActiveCfg = Release|Any CPU
		{35033191-EBEE-46C2-BA68-2E665C912825}.Release|Any CPU.Build.0 = Release|Any CPU
		{8100B9D2-CB5F-434D-A2F4-C5BCEE6D21E0}.Debug|Any CPU.ActiveCfg = Debug|Any CPU
		{8100B9D2-CB5F-434D-A2F4-C5BCEE6D21E0}.Debug|Any CPU.Build.0 = Debug|Any CPU
		{8100B9D2-CB5F-434D-A2F4-C5BCEE6D21E0}.Release|Any CPU.ActiveCfg = Release|Any CPU
		{8100B9D2-CB5F-434D-A2F4-C5BCEE6D21E0}.Release|Any CPU.Build.0 = Release|Any CPU
		{8B5995FB-7AFE-4E57-9530-449B7AC0B281}.Debug|Any CPU.ActiveCfg = Debug|Any CPU
		{8B5995FB-7AFE-4E57-9530-449B7AC0B281}.Debug|Any CPU.Build.0 = Debug|Any CPU
		{8B5995FB-7AFE-4E57-9530-449B7AC0B281}.Release|Any CPU.ActiveCfg = Release|Any CPU
		{8B5995FB-7AFE-4E57-9530-449B7AC0B281}.Release|Any CPU.Build.0 = Release|Any CPU
		{6AC2570A-BB2A-47C2-9AAE-D0ABA0287D53}.Debug|Any CPU.ActiveCfg = Debug|Any CPU
		{6AC2570A-BB2A-47C2-9AAE-D0ABA0287D53}.Debug|Any CPU.Build.0 = Debug|Any CPU
		{6AC2570A-BB2A-47C2-9AAE-D0ABA0287D53}.Release|Any CPU.ActiveCfg = Release|Any CPU
		{6AC2570A-BB2A-47C2-9AAE-D0ABA0287D53}.Release|Any CPU.Build.0 = Release|Any CPU
		{AB5ABD35-0141-40B7-A114-403F04A1BD7F}.Debug|Any CPU.ActiveCfg = Debug|Any CPU
		{AB5ABD35-0141-40B7-A114-403F04A1BD7F}.Debug|Any CPU.Build.0 = Debug|Any CPU
		{AB5ABD35-0141-40B7-A114-403F04A1BD7F}.Release|Any CPU.ActiveCfg = Release|Any CPU
		{AB5ABD35-0141-40B7-A114-403F04A1BD7F}.Release|Any CPU.Build.0 = Release|Any CPU
	EndGlobalSection
	GlobalSection(SolutionProperties) = preSolution
		HideSolutionNode = FALSE
	EndGlobalSection
	GlobalSection(NestedProjects) = preSolution
		{FADDA2D1-03B4-4DEF-8D24-DD1CA4E81F4A} = {8537E50E-CF7F-49CB-B4EF-3E2A1B11F050}
		{E1D99AD4-D88B-42BA-86DF-90B98B2E9A01} = {ED612DB1-AB32-4603-95E7-891BACA71C39}
		{05A7D0B7-4AE1-4BC8-A1BE-2389F1593B2D} = {ED612DB1-AB32-4603-95E7-891BACA71C39}
		{B78A7825-BE72-4509-B0AD-01EEC67A9624} = {ED612DB1-AB32-4603-95E7-891BACA71C39}
		{77F0608F-6D0C-481C-9108-D5176E2EAD69} = {8537E50E-CF7F-49CB-B4EF-3E2A1B11F050}
		{D7106D61-C7CA-4005-B31F-43281BB397AD} = {8537E50E-CF7F-49CB-B4EF-3E2A1B11F050}
		{B1EFF3D6-4618-4DD7-97E2-A3962306BB4E} = {8537E50E-CF7F-49CB-B4EF-3E2A1B11F050}
		{71689B83-42C5-4B1A-B7CA-B766AA248BCD} = {B1EFF3D6-4618-4DD7-97E2-A3962306BB4E}
		{12F8929C-31F3-4466-BDF8-43CBB0216DE0} = {B1EFF3D6-4618-4DD7-97E2-A3962306BB4E}
		{081ABD15-37C4-4A79-B097-1D2A28984E6F} = {B1EFF3D6-4618-4DD7-97E2-A3962306BB4E}
		{9C9E9F7C-64DB-427E-A4AB-2824383F0AC6} = {B1EFF3D6-4618-4DD7-97E2-A3962306BB4E}
		{23DAC4E5-943E-45C4-AB11-7F48FE865901} = {B1EFF3D6-4618-4DD7-97E2-A3962306BB4E}
		{7BD9822C-C7E8-439F-B555-A5BE48481EEF} = {B1EFF3D6-4618-4DD7-97E2-A3962306BB4E}
		{35033191-EBEE-46C2-BA68-2E665C912825} = {B1EFF3D6-4618-4DD7-97E2-A3962306BB4E}
		{8100B9D2-CB5F-434D-A2F4-C5BCEE6D21E0} = {13E8190F-1A50-4A87-92D5-CA3CEE3C0644}
		{8B5995FB-7AFE-4E57-9530-449B7AC0B281} = {13E8190F-1A50-4A87-92D5-CA3CEE3C0644}
		{6AC2570A-BB2A-47C2-9AAE-D0ABA0287D53} = {13E8190F-1A50-4A87-92D5-CA3CEE3C0644}
		{AB5ABD35-0141-40B7-A114-403F04A1BD7F} = {13E8190F-1A50-4A87-92D5-CA3CEE3C0644}
	EndGlobalSection
	GlobalSection(ExtensibilityGlobals) = postSolution
		SolutionGuid = {561C8AFA-E0F1-4D74-B3CA-F12471DAAD12}
	EndGlobalSection
EndGlobal
